// !$*UTF8*$!
{
	archiveVersion = 1;
	classes = {
	};
	objectVersion = 56;
	objects = {

/* Begin PBXBuildFile section */
		631B00F9297EEE7100C30D31 /* MainCell.swift in Sources */ = {isa = PBXBuildFile; fileRef = 631B00F7297EEE7100C30D31 /* MainCell.swift */; };
		631B00FA297EEE7100C30D31 /* MainCell.xib in Resources */ = {isa = PBXBuildFile; fileRef = 631B00F8297EEE7100C30D31 /* MainCell.xib */; };
		634318D329764B3500CBE156 /* AppDelegate.swift in Sources */ = {isa = PBXBuildFile; fileRef = 634318D229764B3500CBE156 /* AppDelegate.swift */; };
		634318D529764B3500CBE156 /* SceneDelegate.swift in Sources */ = {isa = PBXBuildFile; fileRef = 634318D429764B3500CBE156 /* SceneDelegate.swift */; };
		634318D729764B3500CBE156 /* ViewController.swift in Sources */ = {isa = PBXBuildFile; fileRef = 634318D629764B3500CBE156 /* ViewController.swift */; };
		634318DA29764B3500CBE156 /* Main.storyboard in Resources */ = {isa = PBXBuildFile; fileRef = 634318D829764B3500CBE156 /* Main.storyboard */; };
		634318DC29764B3500CBE156 /* Assets.xcassets in Resources */ = {isa = PBXBuildFile; fileRef = 634318DB29764B3500CBE156 /* Assets.xcassets */; };
		634318DF29764B3500CBE156 /* LaunchScreen.storyboard in Resources */ = {isa = PBXBuildFile; fileRef = 634318DD29764B3500CBE156 /* LaunchScreen.storyboard */; };
		634318E729764BE800CBE156 /* Network Manager.swift in Sources */ = {isa = PBXBuildFile; fileRef = 634318E629764BE800CBE156 /* Network Manager.swift */; };
		634318E92976510B00CBE156 /* Product Manager.swift in Sources */ = {isa = PBXBuildFile; fileRef = 634318E82976510B00CBE156 /* Product Manager.swift */; };
		634318EB297651B900CBE156 /* Product Model.swift in Sources */ = {isa = PBXBuildFile; fileRef = 634318EA297651B900CBE156 /* Product Model.swift */; };
		634318ED29767D0100CBE156 /* ViewController2.swift in Sources */ = {isa = PBXBuildFile; fileRef = 634318EC29767D0100CBE156 /* ViewController2.swift */; };
		63F005FD297F0609007F73B8 /* ViewController3.swift in Sources */ = {isa = PBXBuildFile; fileRef = 63F005FC297F0609007F73B8 /* ViewController3.swift */; };
		63F00606297FB107007F73B8 /* SecondaryCell.xib in Resources */ = {isa = PBXBuildFile; fileRef = 63F00604297FB107007F73B8 /* SecondaryCell.xib */; };
		63F00609297FB2E4007F73B8 /* SecondaryCell.swift in Sources */ = {isa = PBXBuildFile; fileRef = 63F00608297FB2E4007F73B8 /* SecondaryCell.swift */; };
		63F0060B297FB82E007F73B8 /* ErrorVC.swift in Sources */ = {isa = PBXBuildFile; fileRef = 63F0060A297FB82E007F73B8 /* ErrorVC.swift */; };
		63F0060D297FB83D007F73B8 /* SuccessVC.swift in Sources */ = {isa = PBXBuildFile; fileRef = 63F0060C297FB83D007F73B8 /* SuccessVC.swift */; };
/* End PBXBuildFile section */

/* Begin PBXFileReference section */
		631B00F7297EEE7100C30D31 /* MainCell.swift */ = {isa = PBXFileReference; lastKnownFileType = sourcecode.swift; path = MainCell.swift; sourceTree = "<group>"; };
		631B00F8297EEE7100C30D31 /* MainCell.xib */ = {isa = PBXFileReference; lastKnownFileType = file.xib; path = MainCell.xib; sourceTree = "<group>"; };
		634318CF29764B3500CBE156 /* Shopping App.app */ = {isa = PBXFileReference; explicitFileType = wrapper.application; includeInIndex = 0; path = "Shopping App.app"; sourceTree = BUILT_PRODUCTS_DIR; };
		634318D229764B3500CBE156 /* AppDelegate.swift */ = {isa = PBXFileReference; lastKnownFileType = sourcecode.swift; path = AppDelegate.swift; sourceTree = "<group>"; };
		634318D429764B3500CBE156 /* SceneDelegate.swift */ = {isa = PBXFileReference; lastKnownFileType = sourcecode.swift; path = SceneDelegate.swift; sourceTree = "<group>"; };
		634318D629764B3500CBE156 /* ViewController.swift */ = {isa = PBXFileReference; lastKnownFileType = sourcecode.swift; path = ViewController.swift; sourceTree = "<group>"; };
		634318D929764B3500CBE156 /* Base */ = {isa = PBXFileReference; lastKnownFileType = file.storyboard; name = Base; path = Base.lproj/Main.storyboard; sourceTree = "<group>"; };
		634318DB29764B3500CBE156 /* Assets.xcassets */ = {isa = PBXFileReference; lastKnownFileType = folder.assetcatalog; path = Assets.xcassets; sourceTree = "<group>"; };
		634318DE29764B3500CBE156 /* Base */ = {isa = PBXFileReference; lastKnownFileType = file.storyboard; name = Base; path = Base.lproj/LaunchScreen.storyboard; sourceTree = "<group>"; };
		634318E029764B3500CBE156 /* Info.plist */ = {isa = PBXFileReference; lastKnownFileType = text.plist.xml; path = Info.plist; sourceTree = "<group>"; };
		634318E629764BE800CBE156 /* Network Manager.swift */ = {isa = PBXFileReference; lastKnownFileType = sourcecode.swift; path = "Network Manager.swift"; sourceTree = "<group>"; };
		634318E82976510B00CBE156 /* Product Manager.swift */ = {isa = PBXFileReference; lastKnownFileType = sourcecode.swift; path = "Product Manager.swift"; sourceTree = "<group>"; };
		634318EA297651B900CBE156 /* Product Model.swift */ = {isa = PBXFileReference; lastKnownFileType = sourcecode.swift; path = "Product Model.swift"; sourceTree = "<group>"; };
		634318EC29767D0100CBE156 /* ViewController2.swift */ = {isa = PBXFileReference; lastKnownFileType = sourcecode.swift; path = ViewController2.swift; sourceTree = "<group>"; };
		63F005FC297F0609007F73B8 /* ViewController3.swift */ = {isa = PBXFileReference; lastKnownFileType = sourcecode.swift; path = ViewController3.swift; sourceTree = "<group>"; };
		63F00604297FB107007F73B8 /* SecondaryCell.xib */ = {isa = PBXFileReference; lastKnownFileType = file.xib; path = SecondaryCell.xib; sourceTree = "<group>"; };
		63F00608297FB2E4007F73B8 /* SecondaryCell.swift */ = {isa = PBXFileReference; lastKnownFileType = sourcecode.swift; path = SecondaryCell.swift; sourceTree = "<group>"; };
		63F0060A297FB82E007F73B8 /* ErrorVC.swift */ = {isa = PBXFileReference; lastKnownFileType = sourcecode.swift; path = ErrorVC.swift; sourceTree = "<group>"; };
		63F0060C297FB83D007F73B8 /* SuccessVC.swift */ = {isa = PBXFileReference; lastKnownFileType = sourcecode.swift; path = SuccessVC.swift; sourceTree = "<group>"; };
/* End PBXFileReference section */

/* Begin PBXFrameworksBuildPhase section */
		634318CC29764B3500CBE156 /* Frameworks */ = {
			isa = PBXFrameworksBuildPhase;
			buildActionMask = 2147483647;
			files = (
			);
			runOnlyForDeploymentPostprocessing = 0;
		};
/* End PBXFrameworksBuildPhase section */

/* Begin PBXGroup section */
		631B00FB297EEE8600C30D31 /* CellForVC2 */ = {
			isa = PBXGroup;
			children = (
				631B00F7297EEE7100C30D31 /* MainCell.swift */,
				631B00F8297EEE7100C30D31 /* MainCell.xib */,
			);
			path = CellForVC2;
			sourceTree = "<group>";
		};
		634318C629764B3500CBE156 = {
			isa = PBXGroup;
			children = (
				634318D129764B3500CBE156 /* Shopping App */,
				634318D029764B3500CBE156 /* Products */,
			);
			sourceTree = "<group>";
		};
		634318D029764B3500CBE156 /* Products */ = {
			isa = PBXGroup;
			children = (
				634318CF29764B3500CBE156 /* Shopping App.app */,
			);
			name = Products;
			sourceTree = "<group>";
		};
		634318D129764B3500CBE156 /* Shopping App */ = {
			isa = PBXGroup;
			children = (
				634318D229764B3500CBE156 /* AppDelegate.swift */,
				634318D429764B3500CBE156 /* SceneDelegate.swift */,
				634318D629764B3500CBE156 /* ViewController.swift */,
				634318EC29767D0100CBE156 /* ViewController2.swift */,
				631B00FB297EEE8600C30D31 /* CellForVC2 */,
				63F005FC297F0609007F73B8 /* ViewController3.swift */,
				63F00607297FB11A007F73B8 /* CellForVC3 */,
				63E1BCC5298147E30031109E /* Networking */,
				634318EA297651B900CBE156 /* Product Model.swift */,
				634318D829764B3500CBE156 /* Main.storyboard */,
				63F0060A297FB82E007F73B8 /* ErrorVC.swift */,
				63F0060C297FB83D007F73B8 /* SuccessVC.swift */,
				634318DB29764B3500CBE156 /* Assets.xcassets */,
				634318DD29764B3500CBE156 /* LaunchScreen.storyboard */,
				634318E029764B3500CBE156 /* Info.plist */,
			);
			path = "Shopping App";
			sourceTree = "<group>";
		};
		63E1BCC5298147E30031109E /* Networking */ = {
			isa = PBXGroup;
			children = (
				634318E629764BE800CBE156 /* Network Manager.swift */,
				634318E82976510B00CBE156 /* Product Manager.swift */,
			);
			path = Networking;
			sourceTree = "<group>";
		};
		63F00607297FB11A007F73B8 /* CellForVC3 */ = {
			isa = PBXGroup;
			children = (
				63F00608297FB2E4007F73B8 /* SecondaryCell.swift */,
				63F00604297FB107007F73B8 /* SecondaryCell.xib */,
			);
			path = CellForVC3;
			sourceTree = "<group>";
		};
/* End PBXGroup section */

/* Begin PBXNativeTarget section */
		634318CE29764B3500CBE156 /* Shopping App */ = {
			isa = PBXNativeTarget;
			buildConfigurationList = 634318E329764B3500CBE156 /* Build configuration list for PBXNativeTarget "Shopping App" */;
			buildPhases = (
				634318CB29764B3500CBE156 /* Sources */,
				634318CC29764B3500CBE156 /* Frameworks */,
				634318CD29764B3500CBE156 /* Resources */,
			);
			buildRules = (
			);
			dependencies = (
			);
			name = "Shopping App";
			productName = "Shopping App";
			productReference = 634318CF29764B3500CBE156 /* Shopping App.app */;
			productType = "com.apple.product-type.application";
		};
/* End PBXNativeTarget section */

/* Begin PBXProject section */
		634318C729764B3500CBE156 /* Project object */ = {
			isa = PBXProject;
			attributes = {
				BuildIndependentTargetsInParallel = 1;
				LastSwiftUpdateCheck = 1420;
				LastUpgradeCheck = 1420;
				TargetAttributes = {
					634318CE29764B3500CBE156 = {
						CreatedOnToolsVersion = 14.2;
					};
				};
			};
			buildConfigurationList = 634318CA29764B3500CBE156 /* Build configuration list for PBXProject "Shopping App" */;
			compatibilityVersion = "Xcode 14.0";
			developmentRegion = en;
			hasScannedForEncodings = 0;
			knownRegions = (
				en,
				Base,
			);
			mainGroup = 634318C629764B3500CBE156;
			productRefGroup = 634318D029764B3500CBE156 /* Products */;
			projectDirPath = "";
			projectRoot = "";
			targets = (
				634318CE29764B3500CBE156 /* Shopping App */,
			);
		};
/* End PBXProject section */

/* Begin PBXResourcesBuildPhase section */
		634318CD29764B3500CBE156 /* Resources */ = {
			isa = PBXResourcesBuildPhase;
			buildActionMask = 2147483647;
			files = (
				63F00606297FB107007F73B8 /* SecondaryCell.xib in Resources */,
				634318DF29764B3500CBE156 /* LaunchScreen.storyboard in Resources */,
				634318DC29764B3500CBE156 /* Assets.xcassets in Resources */,
				631B00FA297EEE7100C30D31 /* MainCell.xib in Resources */,
				634318DA29764B3500CBE156 /* Main.storyboard in Resources */,
			);
			runOnlyForDeploymentPostprocessing = 0;
		};
/* End PBXResourcesBuildPhase section */

/* Begin PBXSourcesBuildPhase section */
		634318CB29764B3500CBE156 /* Sources */ = {
			isa = PBXSourcesBuildPhase;
			buildActionMask = 2147483647;
			files = (
				634318ED29767D0100CBE156 /* ViewController2.swift in Sources */,
				63F00609297FB2E4007F73B8 /* SecondaryCell.swift in Sources */,
				634318D729764B3500CBE156 /* ViewController.swift in Sources */,
				63F0060B297FB82E007F73B8 /* ErrorVC.swift in Sources */,
				63F0060D297FB83D007F73B8 /* SuccessVC.swift in Sources */,
				63F005FD297F0609007F73B8 /* ViewController3.swift in Sources */,
				634318E729764BE800CBE156 /* Network Manager.swift in Sources */,
				634318EB297651B900CBE156 /* Product Model.swift in Sources */,
				634318E92976510B00CBE156 /* Product Manager.swift in Sources */,
				634318D329764B3500CBE156 /* AppDelegate.swift in Sources */,
				631B00F9297EEE7100C30D31 /* MainCell.swift in Sources */,
				634318D529764B3500CBE156 /* SceneDelegate.swift in Sources */,
			);
			runOnlyForDeploymentPostprocessing = 0;
		};
/* End PBXSourcesBuildPhase section */

/* Begin PBXVariantGroup section */
		634318D829764B3500CBE156 /* Main.storyboard */ = {
			isa = PBXVariantGroup;
			children = (
				634318D929764B3500CBE156 /* Base */,
			);
			name = Main.storyboard;
			sourceTree = "<group>";
		};
		634318DD29764B3500CBE156 /* LaunchScreen.storyboard */ = {
			isa = PBXVariantGroup;
			children = (
				634318DE29764B3500CBE156 /* Base */,
			);
			name = LaunchScreen.storyboard;
			sourceTree = "<group>";
		};
/* End PBXVariantGroup section */

/* Begin XCBuildConfiguration section */
		634318E129764B3500CBE156 /* Debug */ = {
			isa = XCBuildConfiguration;
			buildSettings = {
				ALWAYS_SEARCH_USER_PATHS = NO;
				CLANG_ANALYZER_NONNULL = YES;
				CLANG_ANALYZER_NUMBER_OBJECT_CONVERSION = YES_AGGRESSIVE;
				CLANG_CXX_LANGUAGE_STANDARD = "gnu++20";
				CLANG_ENABLE_MODULES = YES;
				CLANG_ENABLE_OBJC_ARC = YES;
				CLANG_ENABLE_OBJC_WEAK = YES;
				CLANG_WARN_BLOCK_CAPTURE_AUTORELEASING = YES;
				CLANG_WARN_BOOL_CONVERSION = YES;
				CLANG_WARN_COMMA = YES;
				CLANG_WARN_CONSTANT_CONVERSION = YES;
				CLANG_WARN_DEPRECATED_OBJC_IMPLEMENTATIONS = YES;
				CLANG_WARN_DIRECT_OBJC_ISA_USAGE = YES_ERROR;
				CLANG_WARN_DOCUMENTATION_COMMENTS = YES;
				CLANG_WARN_EMPTY_BODY = YES;
				CLANG_WARN_ENUM_CONVERSION = YES;
				CLANG_WARN_INFINITE_RECURSION = YES;
				CLANG_WARN_INT_CONVERSION = YES;
				CLANG_WARN_NON_LITERAL_NULL_CONVERSION = YES;
				CLANG_WARN_OBJC_IMPLICIT_RETAIN_SELF = YES;
				CLANG_WARN_OBJC_LITERAL_CONVERSION = YES;
				CLANG_WARN_OBJC_ROOT_CLASS = YES_ERROR;
				CLANG_WARN_QUOTED_INCLUDE_IN_FRAMEWORK_HEADER = YES;
				CLANG_WARN_RANGE_LOOP_ANALYSIS = YES;
				CLANG_WARN_STRICT_PROTOTYPES = YES;
				CLANG_WARN_SUSPICIOUS_MOVE = YES;
				CLANG_WARN_UNGUARDED_AVAILABILITY = YES_AGGRESSIVE;
				CLANG_WARN_UNREACHABLE_CODE = YES;
				CLANG_WARN__DUPLICATE_METHOD_MATCH = YES;
				COPY_PHASE_STRIP = NO;
				DEBUG_INFORMATION_FORMAT = dwarf;
				ENABLE_STRICT_OBJC_MSGSEND = YES;
				ENABLE_TESTABILITY = YES;
				GCC_C_LANGUAGE_STANDARD = gnu11;
				GCC_DYNAMIC_NO_PIC = NO;
				GCC_NO_COMMON_BLOCKS = YES;
				GCC_OPTIMIZATION_LEVEL = 0;
				GCC_PREPROCESSOR_DEFINITIONS = (
					"DEBUG=1",
					"$(inherited)",
				);
				GCC_WARN_64_TO_32_BIT_CONVERSION = YES;
				GCC_WARN_ABOUT_RETURN_TYPE = YES_ERROR;
				GCC_WARN_UNDECLARED_SELECTOR = YES;
				GCC_WARN_UNINITIALIZED_AUTOS = YES_AGGRESSIVE;
				GCC_WARN_UNUSED_FUNCTION = YES;
				GCC_WARN_UNUSED_VARIABLE = YES;
				IPHONEOS_DEPLOYMENT_TARGET = 16.2;
				MTL_ENABLE_DEBUG_INFO = INCLUDE_SOURCE;
				MTL_FAST_MATH = YES;
				ONLY_ACTIVE_ARCH = YES;
				SDKROOT = iphoneos;
				SWIFT_ACTIVE_COMPILATION_CONDITIONS = DEBUG;
				SWIFT_OPTIMIZATION_LEVEL = "-Onone";
			};
			name = Debug;
		};
		634318E229764B3500CBE156 /* Release */ = {
			isa = XCBuildConfiguration;
			buildSettings = {
				ALWAYS_SEARCH_USER_PATHS = NO;
				CLANG_ANALYZER_NONNULL = YES;
				CLANG_ANALYZER_NUMBER_OBJECT_CONVERSION = YES_AGGRESSIVE;
				CLANG_CXX_LANGUAGE_STANDARD = "gnu++20";
				CLANG_ENABLE_MODULES = YES;
				CLANG_ENABLE_OBJC_ARC = YES;
				CLANG_ENABLE_OBJC_WEAK = YES;
				CLANG_WARN_BLOCK_CAPTURE_AUTORELEASING = YES;
				CLANG_WARN_BOOL_CONVERSION = YES;
				CLANG_WARN_COMMA = YES;
				CLANG_WARN_CONSTANT_CONVERSION = YES;
				CLANG_WARN_DEPRECATED_OBJC_IMPLEMENTATIONS = YES;
				CLANG_WARN_DIRECT_OBJC_ISA_USAGE = YES_ERROR;
				CLANG_WARN_DOCUMENTATION_COMMENTS = YES;
				CLANG_WARN_EMPTY_BODY = YES;
				CLANG_WARN_ENUM_CONVERSION = YES;
				CLANG_WARN_INFINITE_RECURSION = YES;
				CLANG_WARN_INT_CONVERSION = YES;
				CLANG_WARN_NON_LITERAL_NULL_CONVERSION = YES;
				CLANG_WARN_OBJC_IMPLICIT_RETAIN_SELF = YES;
				CLANG_WARN_OBJC_LITERAL_CONVERSION = YES;
				CLANG_WARN_OBJC_ROOT_CLASS = YES_ERROR;
				CLANG_WARN_QUOTED_INCLUDE_IN_FRAMEWORK_HEADER = YES;
				CLANG_WARN_RANGE_LOOP_ANALYSIS = YES;
				CLANG_WARN_STRICT_PROTOTYPES = YES;
				CLANG_WARN_SUSPICIOUS_MOVE = YES;
				CLANG_WARN_UNGUARDED_AVAILABILITY = YES_AGGRESSIVE;
				CLANG_WARN_UNREACHABLE_CODE = YES;
				CLANG_WARN__DUPLICATE_METHOD_MATCH = YES;
				COPY_PHASE_STRIP = NO;
				DEBUG_INFORMATION_FORMAT = "dwarf-with-dsym";
				ENABLE_NS_ASSERTIONS = NO;
				ENABLE_STRICT_OBJC_MSGSEND = YES;
				GCC_C_LANGUAGE_STANDARD = gnu11;
				GCC_NO_COMMON_BLOCKS = YES;
				GCC_WARN_64_TO_32_BIT_CONVERSION = YES;
				GCC_WARN_ABOUT_RETURN_TYPE = YES_ERROR;
				GCC_WARN_UNDECLARED_SELECTOR = YES;
				GCC_WARN_UNINITIALIZED_AUTOS = YES_AGGRESSIVE;
				GCC_WARN_UNUSED_FUNCTION = YES;
				GCC_WARN_UNUSED_VARIABLE = YES;
				IPHONEOS_DEPLOYMENT_TARGET = 16.2;
				MTL_ENABLE_DEBUG_INFO = NO;
				MTL_FAST_MATH = YES;
				SDKROOT = iphoneos;
				SWIFT_COMPILATION_MODE = wholemodule;
				SWIFT_OPTIMIZATION_LEVEL = "-O";
				VALIDATE_PRODUCT = YES;
			};
			name = Release;
		};
		634318E429764B3500CBE156 /* Debug */ = {
			isa = XCBuildConfiguration;
			buildSettings = {
				ASSETCATALOG_COMPILER_APPICON_NAME = AppIcon;
				ASSETCATALOG_COMPILER_GLOBAL_ACCENT_COLOR_NAME = AccentColor;
				CODE_SIGN_STYLE = Automatic;
				CURRENT_PROJECT_VERSION = 1;
				DEVELOPMENT_TEAM = 25A9GC2B9J;
				GENERATE_INFOPLIST_FILE = YES;
				INFOPLIST_FILE = "Shopping App/Info.plist";
				INFOPLIST_KEY_UIApplicationSupportsIndirectInputEvents = YES;
				INFOPLIST_KEY_UILaunchStoryboardName = LaunchScreen;
				INFOPLIST_KEY_UIMainStoryboardFile = Main;
				INFOPLIST_KEY_UISupportedInterfaceOrientations_iPad = "UIInterfaceOrientationPortrait UIInterfaceOrientationPortraitUpsideDown UIInterfaceOrientationLandscapeLeft UIInterfaceOrientationLandscapeRight";
				INFOPLIST_KEY_UISupportedInterfaceOrientations_iPhone = "UIInterfaceOrientationPortrait UIInterfaceOrientationLandscapeLeft UIInterfaceOrientationLandscapeRight";
				IPHONEOS_DEPLOYMENT_TARGET = 15.6;
				LD_RUNPATH_SEARCH_PATHS = (
					"$(inherited)",
					"@executable_path/Frameworks",
				);
				MARKETING_VERSION = 1.0;
				PRODUCT_BUNDLE_IDENTIFIER = "com.lecture.Shopping-App";
				PRODUCT_NAME = "$(TARGET_NAME)";
				SWIFT_EMIT_LOC_STRINGS = YES;
				SWIFT_VERSION = 5.0;
				TARGETED_DEVICE_FAMILY = "1,2";
			};
			name = Debug;
		};
		634318E529764B3500CBE156 /* Release */ = {
			isa = XCBuildConfiguration;
			buildSettings = {
				ASSETCATALOG_COMPILER_APPICON_NAME = AppIcon;
				ASSETCATALOG_COMPILER_GLOBAL_ACCENT_COLOR_NAME = AccentColor;
				CODE_SIGN_STYLE = Automatic;
				CURRENT_PROJECT_VERSION = 1;
				DEVELOPMENT_TEAM = 25A9GC2B9J;
				GENERATE_INFOPLIST_FILE = YES;
				INFOPLIST_FILE = "Shopping App/Info.plist";
				INFOPLIST_KEY_UIApplicationSupportsIndirectInputEvents = YES;
				INFOPLIST_KEY_UILaunchStoryboardName = LaunchScreen;
				INFOPLIST_KEY_UIMainStoryboardFile = Main;
				INFOPLIST_KEY_UISupportedInterfaceOrientations_iPad = "UIInterfaceOrientationPortrait UIInterfaceOrientationPortraitUpsideDown UIInterfaceOrientationLandscapeLeft UIInterfaceOrientationLandscapeRight";
				INFOPLIST_KEY_UISupportedInterfaceOrientations_iPhone = "UIInterfaceOrientationPortrait UIInterfaceOrientationLandscapeLeft UIInterfaceOrientationLandscapeRight";
				IPHONEOS_DEPLOYMENT_TARGET = 15.6;
				LD_RUNPATH_SEARCH_PATHS = (
					"$(inherited)",
					"@executable_path/Frameworks",
				);
				MARKETING_VERSION = 1.0;
				PRODUCT_BUNDLE_IDENTIFIER = "com.lecture.Shopping-App";
				PRODUCT_NAME = "$(TARGET_NAME)";
				SWIFT_EMIT_LOC_STRINGS = YES;
				SWIFT_VERSION = 5.0;
				TARGETED_DEVICE_FAMILY = "1,2";
			};
			name = Release;
		};
/* End XCBuildConfiguration section */

/* Begin XCConfigurationList section */
		634318CA29764B3500CBE156 /* Build configuration list for PBXProject "Shopping App" */ = {
			isa = XCConfigurationList;
			buildConfigurations = (
				634318E129764B3500CBE156 /* Debug */,
				634318E229764B3500CBE156 /* Release */,
			);
			defaultConfigurationIsVisible = 0;
			defaultConfigurationName = Release;
		};
		634318E329764B3500CBE156 /* Build configuration list for PBXNativeTarget "Shopping App" */ = {
			isa = XCConfigurationList;
			buildConfigurations = (
				634318E429764B3500CBE156 /* Debug */,
				634318E529764B3500CBE156 /* Release */,
			);
			defaultConfigurationIsVisible = 0;
			defaultConfigurationName = Release;
		};
/* End XCConfigurationList section */
	};
	rootObject = 634318C729764B3500CBE156 /* Project object */;
}
